
Microsoft Visual Studio Solution File, Format Version 12.00
# Visual Studio Version 17
VisualStudioVersion = 17.5.33424.131
MinimumVisualStudioVersion = 10.0.40219.1
Project("{2150E333-8FDC-42A3-9474-1A3956D46DE8}") = "Services", "Services", "{F429E360-C915-4B69-9912-448440634AE4}"
EndProject
Project("{2150E333-8FDC-42A3-9474-1A3956D46DE8}") = "Catalog", "Catalog", "{45B430F5-05C6-4108-A273-C329E007CD2A}"
EndProject
Project("{FAE04EC0-301F-11D3-BF4B-00C04F79EFBC}") = "Catalog.API", "Services\Catalog\Catalog.API\Catalog.API.csproj", "{7D130335-8825-4702-870D-0CA7E42EFB46}"
EndProject
Global
	GlobalSection(SolutionConfigurationPlatforms) = preSolution
		Debug|Any CPU = Debug|Any CPU
		Release|Any CPU = Release|Any CPU
	EndGlobalSection
	GlobalSection(ProjectConfigurationPlatforms) = postSolution
		{7D130335-8825-4702-870D-0CA7E42EFB46}.Debug|Any CPU.ActiveCfg = Debug|Any CPU
		{7D130335-8825-4702-870D-0CA7E42EFB46}.Debug|Any CPU.Build.0 = Debug|Any CPU
		{7D130335-8825-4702-870D-0CA7E42EFB46}.Release|Any CPU.ActiveCfg = Release|Any CPU
		{7D130335-8825-4702-870D-0CA7E42EFB46}.Release|Any CPU.Build.0 = Release|Any CPU
	EndGlobalSection
	GlobalSection(SolutionProperties) = preSolution
		HideSolutionNode = FALSE
	EndGlobalSection
	GlobalSection(NestedProjects) = preSolution
		{45B430F5-05C6-4108-A273-C329E007CD2A} = {F429E360-C915-4B69-9912-448440634AE4}
		{7D130335-8825-4702-870D-0CA7E42EFB46} = {45B430F5-05C6-4108-A273-C329E007CD2A}
	EndGlobalSection
	GlobalSection(ExtensibilityGlobals) = postSolution
		SolutionGuid = {E4A3D729-072A-474E-8246-F62E23133187}
	EndGlobalSection
EndGlobal
